// !$*UTF8*$!
{
	archiveVersion = 1;
	classes = {
	};
	objectVersion = 50;
	objects = {

/* Begin PBXBuildFile section */
		D0135F46239F6C33006EF25C /* LocationFetcher.swift in Sources */ = {isa = PBXBuildFile; fileRef = D0135F45239F6C33006EF25C /* LocationFetcher.swift */; };
		D0135F48239F7853006EF25C /* MapView.swift in Sources */ = {isa = PBXBuildFile; fileRef = D0135F47239F7853006EF25C /* MapView.swift */; };
		D0135F4A239F78BA006EF25C /* MKPointAnnotation-ObservableObject.swift in Sources */ = {isa = PBXBuildFile; fileRef = D0135F49239F78BA006EF25C /* MKPointAnnotation-ObservableObject.swift */; };
		D0135F4C239F793F006EF25C /* MKPointAnnotation+Codable.swift in Sources */ = {isa = PBXBuildFile; fileRef = D0135F4B239F793F006EF25C /* MKPointAnnotation+Codable.swift */; };
		D05547F2239E3D3A007A7C36 /* AppDelegate.swift in Sources */ = {isa = PBXBuildFile; fileRef = D05547F1239E3D3A007A7C36 /* AppDelegate.swift */; };
		D05547F4239E3D3A007A7C36 /* SceneDelegate.swift in Sources */ = {isa = PBXBuildFile; fileRef = D05547F3239E3D3A007A7C36 /* SceneDelegate.swift */; };
		D05547F6239E3D3A007A7C36 /* ContentView.swift in Sources */ = {isa = PBXBuildFile; fileRef = D05547F5239E3D3A007A7C36 /* ContentView.swift */; };
		D05547F8239E3D3D007A7C36 /* Assets.xcassets in Resources */ = {isa = PBXBuildFile; fileRef = D05547F7239E3D3D007A7C36 /* Assets.xcassets */; };
		D05547FB239E3D3D007A7C36 /* Preview Assets.xcassets in Resources */ = {isa = PBXBuildFile; fileRef = D05547FA239E3D3D007A7C36 /* Preview Assets.xcassets */; };
		D05547FE239E3D3D007A7C36 /* LaunchScreen.storyboard in Resources */ = {isa = PBXBuildFile; fileRef = D05547FC239E3D3D007A7C36 /* LaunchScreen.storyboard */; };
		D0554806239E3EC5007A7C36 /* ImagePicker.swift in Sources */ = {isa = PBXBuildFile; fileRef = D0554805239E3EC5007A7C36 /* ImagePicker.swift */; };
		D067AA84239FFF080044C38C /* Person.swift in Sources */ = {isa = PBXBuildFile; fileRef = D067AA83239FFF080044C38C /* Person.swift */; };
		D067AA86239FFF080044C38C /* People.swift in Sources */ = {isa = PBXBuildFile; fileRef = D067AA85239FFF080044C38C /* People.swift */; };
		D067AA88239FFF080044C38C /* AddPersonView.swift in Sources */ = {isa = PBXBuildFile; fileRef = D067AA87239FFF080044C38C /* AddPersonView.swift */; };
		D067AA8A239FFF080044C38C /* FileManagerImageStore.swift in Sources */ = {isa = PBXBuildFile; fileRef = D067AA89239FFF080044C38C /* FileManagerImageStore.swift */; };
		D067AA8C239FFF080044C38C /* ImageStore.swift in Sources */ = {isa = PBXBuildFile; fileRef = D067AA8B239FFF080044C38C /* ImageStore.swift */; };
		D0784B52239EDBD700677E50 /* PersonDetailView.swift in Sources */ = {isa = PBXBuildFile; fileRef = D0784B51239EDBD700677E50 /* PersonDetailView.swift */; };
		D0896C5123A1518500668C49 /* PeopleStore.swift in Sources */ = {isa = PBXBuildFile; fileRef = D0896C5023A1518500668C49 /* PeopleStore.swift */; };
		D0896C5323A1518500668C49 /* FileManagerPeopleStore.swift in Sources */ = {isa = PBXBuildFile; fileRef = D0896C5223A1518500668C49 /* FileManagerPeopleStore.swift */; };
/* End PBXBuildFile section */

/* Begin PBXFileReference section */
		D0135F45239F6C33006EF25C /* LocationFetcher.swift */ = {isa = PBXFileReference; lastKnownFileType = sourcecode.swift; path = LocationFetcher.swift; sourceTree = "<group>"; };
		D0135F47239F7853006EF25C /* MapView.swift */ = {isa = PBXFileReference; lastKnownFileType = sourcecode.swift; path = MapView.swift; sourceTree = "<group>"; };
		D0135F49239F78BA006EF25C /* MKPointAnnotation-ObservableObject.swift */ = {isa = PBXFileReference; lastKnownFileType = sourcecode.swift; path = "MKPointAnnotation-ObservableObject.swift"; sourceTree = "<group>"; };
		D0135F4B239F793F006EF25C /* MKPointAnnotation+Codable.swift */ = {isa = PBXFileReference; lastKnownFileType = sourcecode.swift; path = "MKPointAnnotation+Codable.swift"; sourceTree = "<group>"; };
		D05547EE239E3D3A007A7C36 /* NameChecker.app */ = {isa = PBXFileReference; explicitFileType = wrapper.application; includeInIndex = 0; path = NameChecker.app; sourceTree = BUILT_PRODUCTS_DIR; };
		D05547F1239E3D3A007A7C36 /* AppDelegate.swift */ = {isa = PBXFileReference; lastKnownFileType = sourcecode.swift; path = AppDelegate.swift; sourceTree = "<group>"; };
		D05547F3239E3D3A007A7C36 /* SceneDelegate.swift */ = {isa = PBXFileReference; lastKnownFileType = sourcecode.swift; path = SceneDelegate.swift; sourceTree = "<group>"; };
		D05547F5239E3D3A007A7C36 /* ContentView.swift */ = {isa = PBXFileReference; lastKnownFileType = sourcecode.swift; path = ContentView.swift; sourceTree = "<group>"; };
		D05547F7239E3D3D007A7C36 /* Assets.xcassets */ = {isa = PBXFileReference; lastKnownFileType = folder.assetcatalog; path = Assets.xcassets; sourceTree = "<group>"; };
		D05547FA239E3D3D007A7C36 /* Preview Assets.xcassets */ = {isa = PBXFileReference; lastKnownFileType = folder.assetcatalog; path = "Preview Assets.xcassets"; sourceTree = "<group>"; };
		D05547FD239E3D3D007A7C36 /* Base */ = {isa = PBXFileReference; lastKnownFileType = file.storyboard; name = Base; path = Base.lproj/LaunchScreen.storyboard; sourceTree = "<group>"; };
		D05547FF239E3D3D007A7C36 /* Info.plist */ = {isa = PBXFileReference; lastKnownFileType = text.plist.xml; path = Info.plist; sourceTree = "<group>"; };
		D0554805239E3EC5007A7C36 /* ImagePicker.swift */ = {isa = PBXFileReference; lastKnownFileType = sourcecode.swift; path = ImagePicker.swift; sourceTree = "<group>"; };
		D067AA83239FFF080044C38C /* Person.swift */ = {isa = PBXFileReference; lastKnownFileType = sourcecode.swift; path = Person.swift; sourceTree = "<group>"; };
		D067AA85239FFF080044C38C /* People.swift */ = {isa = PBXFileReference; lastKnownFileType = sourcecode.swift; path = People.swift; sourceTree = "<group>"; };
		D067AA87239FFF080044C38C /* AddPersonView.swift */ = {isa = PBXFileReference; lastKnownFileType = sourcecode.swift; path = AddPersonView.swift; sourceTree = "<group>"; };
		D067AA89239FFF080044C38C /* FileManagerImageStore.swift */ = {isa = PBXFileReference; lastKnownFileType = sourcecode.swift; path = FileManagerImageStore.swift; sourceTree = "<group>"; };
		D067AA8B239FFF080044C38C /* ImageStore.swift */ = {isa = PBXFileReference; lastKnownFileType = sourcecode.swift; path = ImageStore.swift; sourceTree = "<group>"; };
		D0784B51239EDBD700677E50 /* PersonDetailView.swift */ = {isa = PBXFileReference; lastKnownFileType = sourcecode.swift; path = PersonDetailView.swift; sourceTree = "<group>"; };
		D0896C5023A1518500668C49 /* PeopleStore.swift */ = {isa = PBXFileReference; lastKnownFileType = sourcecode.swift; path = PeopleStore.swift; sourceTree = "<group>"; };
		D0896C5223A1518500668C49 /* FileManagerPeopleStore.swift */ = {isa = PBXFileReference; lastKnownFileType = sourcecode.swift; path = FileManagerPeopleStore.swift; sourceTree = "<group>"; };
/* End PBXFileReference section */

/* Begin PBXFrameworksBuildPhase section */
		D05547EB239E3D3A007A7C36 /* Frameworks */ = {
			isa = PBXFrameworksBuildPhase;
			buildActionMask = 2147483647;
			files = (
			);
			runOnlyForDeploymentPostprocessing = 0;
		};
/* End PBXFrameworksBuildPhase section */

/* Begin PBXGroup section */
		D05547E5239E3D3A007A7C36 = {
			isa = PBXGroup;
			children = (
				D05547F0239E3D3A007A7C36 /* NameChecker */,
				D05547EF239E3D3A007A7C36 /* Products */,
			);
			sourceTree = "<group>";
		};
		D05547EF239E3D3A007A7C36 /* Products */ = {
			isa = PBXGroup;
			children = (
				D05547EE239E3D3A007A7C36 /* NameChecker.app */,
			);
			name = Products;
			sourceTree = "<group>";
		};
		D05547F0239E3D3A007A7C36 /* NameChecker */ = {
			isa = PBXGroup;
			children = (
				D05547F1239E3D3A007A7C36 /* AppDelegate.swift */,
				D05547F3239E3D3A007A7C36 /* SceneDelegate.swift */,
				D05547F5239E3D3A007A7C36 /* ContentView.swift */,
				D067AA87239FFF080044C38C /* AddPersonView.swift */,
				D0784B51239EDBD700677E50 /* PersonDetailView.swift */,
				D0135F47239F7853006EF25C /* MapView.swift */,
				D0135F49239F78BA006EF25C /* MKPointAnnotation-ObservableObject.swift */,
				D0135F4B239F793F006EF25C /* MKPointAnnotation+Codable.swift */,
				D0554805239E3EC5007A7C36 /* ImagePicker.swift */,
				D067AA83239FFF080044C38C /* Person.swift */,
				D067AA85239FFF080044C38C /* People.swift */,
				D067AA8B239FFF080044C38C /* ImageStore.swift */,
				D0896C5023A1518500668C49 /* PeopleStore.swift */,
				D067AA89239FFF080044C38C /* FileManagerImageStore.swift */,
				D0896C5223A1518500668C49 /* FileManagerPeopleStore.swift */,
				D0135F45239F6C33006EF25C /* LocationFetcher.swift */,
				D05547F7239E3D3D007A7C36 /* Assets.xcassets */,
				D05547FC239E3D3D007A7C36 /* LaunchScreen.storyboard */,
				D05547FF239E3D3D007A7C36 /* Info.plist */,
				D05547F9239E3D3D007A7C36 /* Preview Content */,
			);
			path = NameChecker;
			sourceTree = "<group>";
		};
		D05547F9239E3D3D007A7C36 /* Preview Content */ = {
			isa = PBXGroup;
			children = (
				D05547FA239E3D3D007A7C36 /* Preview Assets.xcassets */,
			);
			path = "Preview Content";
			sourceTree = "<group>";
		};
/* End PBXGroup section */

/* Begin PBXNativeTarget section */
		D05547ED239E3D3A007A7C36 /* NameChecker */ = {
			isa = PBXNativeTarget;
			buildConfigurationList = D0554802239E3D3D007A7C36 /* Build configuration list for PBXNativeTarget "NameChecker" */;
			buildPhases = (
				D05547EA239E3D3A007A7C36 /* Sources */,
				D05547EB239E3D3A007A7C36 /* Frameworks */,
				D05547EC239E3D3A007A7C36 /* Resources */,
			);
			buildRules = (
			);
			dependencies = (
			);
			name = NameChecker;
			productName = NameChecker;
			productReference = D05547EE239E3D3A007A7C36 /* NameChecker.app */;
			productType = "com.apple.product-type.application";
		};
/* End PBXNativeTarget section */

/* Begin PBXProject section */
		D05547E6239E3D3A007A7C36 /* Project object */ = {
			isa = PBXProject;
			attributes = {
				LastSwiftUpdateCheck = 1120;
				LastUpgradeCheck = 1120;
				ORGANIZATIONNAME = "Peter Barclay";
				TargetAttributes = {
					D05547ED239E3D3A007A7C36 = {
						CreatedOnToolsVersion = 11.2.1;
					};
				};
			};
			buildConfigurationList = D05547E9239E3D3A007A7C36 /* Build configuration list for PBXProject "NameChecker" */;
			compatibilityVersion = "Xcode 9.3";
			developmentRegion = en;
			hasScannedForEncodings = 0;
			knownRegions = (
				en,
				Base,
			);
			mainGroup = D05547E5239E3D3A007A7C36;
			productRefGroup = D05547EF239E3D3A007A7C36 /* Products */;
			projectDirPath = "";
			projectRoot = "";
			targets = (
				D05547ED239E3D3A007A7C36 /* NameChecker */,
			);
		};
/* End PBXProject section */

/* Begin PBXResourcesBuildPhase section */
		D05547EC239E3D3A007A7C36 /* Resources */ = {
			isa = PBXResourcesBuildPhase;
			buildActionMask = 2147483647;
			files = (
				D05547FE239E3D3D007A7C36 /* LaunchScreen.storyboard in Resources */,
				D05547FB239E3D3D007A7C36 /* Preview Assets.xcassets in Resources */,
				D05547F8239E3D3D007A7C36 /* Assets.xcassets in Resources */,
			);
			runOnlyForDeploymentPostprocessing = 0;
		};
/* End PBXResourcesBuildPhase section */

/* Begin PBXSourcesBuildPhase section */
		D05547EA239E3D3A007A7C36 /* Sources */ = {
			isa = PBXSourcesBuildPhase;
			buildActionMask = 2147483647;
			files = (
				D0135F46239F6C33006EF25C /* LocationFetcher.swift in Sources */,
				D067AA84239FFF080044C38C /* Person.swift in Sources */,
				D05547F2239E3D3A007A7C36 /* AppDelegate.swift in Sources */,
				D0784B52239EDBD700677E50 /* PersonDetailView.swift in Sources */,
				D0896C5123A1518500668C49 /* PeopleStore.swift in Sources */,
				D0896C5323A1518500668C49 /* FileManagerPeopleStore.swift in Sources */,
				D0554806239E3EC5007A7C36 /* ImagePicker.swift in Sources */,
				D0135F48239F7853006EF25C /* MapView.swift in Sources */,
				D067AA8A239FFF080044C38C /* FileManagerImageStore.swift in Sources */,
				D05547F4239E3D3A007A7C36 /* SceneDelegate.swift in Sources */,
				D067AA8C239FFF080044C38C /* ImageStore.swift in Sources */,
				D067AA86239FFF080044C38C /* People.swift in Sources */,
				D0135F4C239F793F006EF25C /* MKPointAnnotation+Codable.swift in Sources */,
				D05547F6239E3D3A007A7C36 /* ContentView.swift in Sources */,
				D0135F4A239F78BA006EF25C /* MKPointAnnotation-ObservableObject.swift in Sources */,
				D067AA88239FFF080044C38C /* AddPersonView.swift in Sources */,
			);
			runOnlyForDeploymentPostprocessing = 0;
		};
/* End PBXSourcesBuildPhase section */

/* Begin PBXVariantGroup section */
		D05547FC239E3D3D007A7C36 /* LaunchScreen.storyboard */ = {
			isa = PBXVariantGroup;
			children = (
				D05547FD239E3D3D007A7C36 /* Base */,
			);
			name = LaunchScreen.storyboard;
			sourceTree = "<group>";
		};
/* End PBXVariantGroup section */

/* Begin XCBuildConfiguration section */
		D0554800239E3D3D007A7C36 /* Debug */ = {
			isa = XCBuildConfiguration;
			buildSettings = {
				ALWAYS_SEARCH_USER_PATHS = NO;
				CLANG_ANALYZER_NONNULL = YES;
				CLANG_ANALYZER_NUMBER_OBJECT_CONVERSION = YES_AGGRESSIVE;
				CLANG_CXX_LANGUAGE_STANDARD = "gnu++14";
				CLANG_CXX_LIBRARY = "libc++";
				CLANG_ENABLE_MODULES = YES;
				CLANG_ENABLE_OBJC_ARC = YES;
				CLANG_ENABLE_OBJC_WEAK = YES;
				CLANG_WARN_BLOCK_CAPTURE_AUTORELEASING = YES;
				CLANG_WARN_BOOL_CONVERSION = YES;
				CLANG_WARN_COMMA = YES;
				CLANG_WARN_CONSTANT_CONVERSION = YES;
				CLANG_WARN_DEPRECATED_OBJC_IMPLEMENTATIONS = YES;
				CLANG_WARN_DIRECT_OBJC_ISA_USAGE = YES_ERROR;
				CLANG_WARN_DOCUMENTATION_COMMENTS = YES;
				CLANG_WARN_EMPTY_BODY = YES;
				CLANG_WARN_ENUM_CONVERSION = YES;
				CLANG_WARN_INFINITE_RECURSION = YES;
				CLANG_WARN_INT_CONVERSION = YES;
				CLANG_WARN_NON_LITERAL_NULL_CONVERSION = YES;
				CLANG_WARN_OBJC_IMPLICIT_RETAIN_SELF = YES;
				CLANG_WARN_OBJC_LITERAL_CONVERSION = YES;
				CLANG_WARN_OBJC_ROOT_CLASS = YES_ERROR;
				CLANG_WARN_RANGE_LOOP_ANALYSIS = YES;
				CLANG_WARN_STRICT_PROTOTYPES = YES;
				CLANG_WARN_SUSPICIOUS_MOVE = YES;
				CLANG_WARN_UNGUARDED_AVAILABILITY = YES_AGGRESSIVE;
				CLANG_WARN_UNREACHABLE_CODE = YES;
				CLANG_WARN__DUPLICATE_METHOD_MATCH = YES;
				COPY_PHASE_STRIP = NO;
				DEBUG_INFORMATION_FORMAT = dwarf;
				ENABLE_STRICT_OBJC_MSGSEND = YES;
				ENABLE_TESTABILITY = YES;
				GCC_C_LANGUAGE_STANDARD = gnu11;
				GCC_DYNAMIC_NO_PIC = NO;
				GCC_NO_COMMON_BLOCKS = YES;
				GCC_OPTIMIZATION_LEVEL = 0;
				GCC_PREPROCESSOR_DEFINITIONS = (
					"DEBUG=1",
					"$(inherited)",
				);
				GCC_WARN_64_TO_32_BIT_CONVERSION = YES;
				GCC_WARN_ABOUT_RETURN_TYPE = YES_ERROR;
				GCC_WARN_UNDECLARED_SELECTOR = YES;
				GCC_WARN_UNINITIALIZED_AUTOS = YES_AGGRESSIVE;
				GCC_WARN_UNUSED_FUNCTION = YES;
				GCC_WARN_UNUSED_VARIABLE = YES;
				IPHONEOS_DEPLOYMENT_TARGET = 13.2;
				MTL_ENABLE_DEBUG_INFO = INCLUDE_SOURCE;
				MTL_FAST_MATH = YES;
				ONLY_ACTIVE_ARCH = YES;
				SDKROOT = iphoneos;
				SWIFT_ACTIVE_COMPILATION_CONDITIONS = DEBUG;
				SWIFT_OPTIMIZATION_LEVEL = "-Onone";
			};
			name = Debug;
		};
		D0554801239E3D3D007A7C36 /* Release */ = {
			isa = XCBuildConfiguration;
			buildSettings = {
				ALWAYS_SEARCH_USER_PATHS = NO;
				CLANG_ANALYZER_NONNULL = YES;
				CLANG_ANALYZER_NUMBER_OBJECT_CONVERSION = YES_AGGRESSIVE;
				CLANG_CXX_LANGUAGE_STANDARD = "gnu++14";
				CLANG_CXX_LIBRARY = "libc++";
				CLANG_ENABLE_MODULES = YES;
				CLANG_ENABLE_OBJC_ARC = YES;
				CLANG_ENABLE_OBJC_WEAK = YES;
				CLANG_WARN_BLOCK_CAPTURE_AUTORELEASING = YES;
				CLANG_WARN_BOOL_CONVERSION = YES;
				CLANG_WARN_COMMA = YES;
				CLANG_WARN_CONSTANT_CONVERSION = YES;
				CLANG_WARN_DEPRECATED_OBJC_IMPLEMENTATIONS = YES;
				CLANG_WARN_DIRECT_OBJC_ISA_USAGE = YES_ERROR;
				CLANG_WARN_DOCUMENTATION_COMMENTS = YES;
				CLANG_WARN_EMPTY_BODY = YES;
				CLANG_WARN_ENUM_CONVERSION = YES;
				CLANG_WARN_INFINITE_RECURSION = YES;
				CLANG_WARN_INT_CONVERSION = YES;
				CLANG_WARN_NON_LITERAL_NULL_CONVERSION = YES;
				CLANG_WARN_OBJC_IMPLICIT_RETAIN_SELF = YES;
				CLANG_WARN_OBJC_LITERAL_CONVERSION = YES;
				CLANG_WARN_OBJC_ROOT_CLASS = YES_ERROR;
				CLANG_WARN_RANGE_LOOP_ANALYSIS = YES;
				CLANG_WARN_STRICT_PROTOTYPES = YES;
				CLANG_WARN_SUSPICIOUS_MOVE = YES;
				CLANG_WARN_UNGUARDED_AVAILABILITY = YES_AGGRESSIVE;
				CLANG_WARN_UNREACHABLE_CODE = YES;
				CLANG_WARN__DUPLICATE_METHOD_MATCH = YES;
				COPY_PHASE_STRIP = NO;
				DEBUG_INFORMATION_FORMAT = "dwarf-with-dsym";
				ENABLE_NS_ASSERTIONS = NO;
				ENABLE_STRICT_OBJC_MSGSEND = YES;
				GCC_C_LANGUAGE_STANDARD = gnu11;
				GCC_NO_COMMON_BLOCKS = YES;
				GCC_WARN_64_TO_32_BIT_CONVERSION = YES;
				GCC_WARN_ABOUT_RETURN_TYPE = YES_ERROR;
				GCC_WARN_UNDECLARED_SELECTOR = YES;
				GCC_WARN_UNINITIALIZED_AUTOS = YES_AGGRESSIVE;
				GCC_WARN_UNUSED_FUNCTION = YES;
				GCC_WARN_UNUSED_VARIABLE = YES;
				IPHONEOS_DEPLOYMENT_TARGET = 13.2;
				MTL_ENABLE_DEBUG_INFO = NO;
				MTL_FAST_MATH = YES;
				SDKROOT = iphoneos;
				SWIFT_COMPILATION_MODE = wholemodule;
				SWIFT_OPTIMIZATION_LEVEL = "-O";
				VALIDATE_PRODUCT = YES;
			};
			name = Release;
		};
		D0554803239E3D3D007A7C36 /* Debug */ = {
			isa = XCBuildConfiguration;
			buildSettings = {
				ASSETCATALOG_COMPILER_APPICON_NAME = AppIcon;
				CODE_SIGN_STYLE = Automatic;
				DEVELOPMENT_ASSET_PATHS = "\"NameChecker/Preview Content\"";
				DEVELOPMENT_TEAM = 89992W8CJ7;
				ENABLE_PREVIEWS = YES;
				INFOPLIST_FILE = NameChecker/Info.plist;
				LD_RUNPATH_SEARCH_PATHS = (
					"$(inherited)",
					"@executable_path/Frameworks",
				);
				PRODUCT_BUNDLE_IDENTIFIER = "peter-peter-barclay.com.NameChecker";
				PRODUCT_NAME = "$(TARGET_NAME)";
				SWIFT_VERSION = 5.0;
				TARGETED_DEVICE_FAMILY = "1,2";
			};
			name = Debug;
		};
		D0554804239E3D3D007A7C36 /* Release */ = {
			isa = XCBuildConfiguration;
			buildSettings = {
				ASSETCATALOG_COMPILER_APPICON_NAME = AppIcon;
				CODE_SIGN_STYLE = Automatic;
				DEVELOPMENT_ASSET_PATHS = "\"NameChecker/Preview Content\"";
				DEVELOPMENT_TEAM = 89992W8CJ7;
				ENABLE_PREVIEWS = YES;
				INFOPLIST_FILE = NameChecker/Info.plist;
				LD_RUNPATH_SEARCH_PATHS = (
					"$(inherited)",
					"@executable_path/Frameworks",
				);
				PRODUCT_BUNDLE_IDENTIFIER = "peter-peter-barclay.com.NameChecker";
				PRODUCT_NAME = "$(TARGET_NAME)";
				SWIFT_VERSION = 5.0;
				TARGETED_DEVICE_FAMILY = "1,2";
			};
			name = Release;
		};
/* End XCBuildConfiguration section */

/* Begin XCConfigurationList section */
		D05547E9239E3D3A007A7C36 /* Build configuration list for PBXProject "NameChecker" */ = {
			isa = XCConfigurationList;
			buildConfigurations = (
				D0554800239E3D3D007A7C36 /* Debug */,
				D0554801239E3D3D007A7C36 /* Release */,
			);
			defaultConfigurationIsVisible = 0;
			defaultConfigurationName = Release;
		};
		D0554802239E3D3D007A7C36 /* Build configuration list for PBXNativeTarget "NameChecker" */ = {
			isa = XCConfigurationList;
			buildConfigurations = (
				D0554803239E3D3D007A7C36 /* Debug */,
				D0554804239E3D3D007A7C36 /* Release */,
			);
			defaultConfigurationIsVisible = 0;
			defaultConfigurationName = Release;
		};
/* End XCConfigurationList section */
	};
	rootObject = D05547E6239E3D3A007A7C36 /* Project object */;
}
